
Microsoft Visual Studio Solution File, Format Version 12.00
# Visual Studio Version 17
VisualStudioVersion = 17.5.002.0
MinimumVisualStudioVersion = 10.0.40219.1
Project("{9A19103F-16F7-4668-BE54-9A1E7A4F7556}") = "Focusly", "Focusly.csproj", "{FF22FB8B-18B7-4E0E-9374-C9A58B4E6936}"
EndProject
Global
	GlobalSection(SolutionConfigurationPlatforms) = preSolution
		Debug|Any CPU = Debug|Any CPU
		Release|Any CPU = Release|Any CPU
	EndGlobalSection
	GlobalSection(ProjectConfigurationPlatforms) = postSolution
		{FF22FB8B-18B7-4E0E-9374-C9A58B4E6936}.Debug|Any CPU.ActiveCfg = Debug|Any CPU
		{FF22FB8B-18B7-4E0E-9374-C9A58B4E6936}.Debug|Any CPU.Build.0 = Debug|Any CPU
		{FF22FB8B-18B7-4E0E-9374-C9A58B4E6936}.Release|Any CPU.ActiveCfg = Release|Any CPU
		{FF22FB8B-18B7-4E0E-9374-C9A58B4E6936}.Release|Any CPU.Build.0 = Release|Any CPU
	EndGlobalSection
	GlobalSection(SolutionProperties) = preSolution
		HideSolutionNode = FALSE
	EndGlobalSection
	GlobalSection(ExtensibilityGlobals) = postSolution
		SolutionGuid = {F7A0CC30-1BB0-44A1-8179-98A03C05CCF5}
	EndGlobalSection
EndGlobal
